
Microsoft Visual Studio Solution File, Format Version 12.00
# Visual Studio 14
VisualStudioVersion = 14.0.25420.1
MinimumVisualStudioVersion = 10.0.40219.1
Project("{FAE04EC0-301F-11D3-BF4B-00C04F79EFBC}") = "DAL", "DAL\DAL.csproj", "{668AD236-604C-46A2-8C88-51550CF59629}"
EndProject
Project("{FAE04EC0-301F-11D3-BF4B-00C04F79EFBC}") = "View", "View\View.csproj", "{DA3BC6C5-DC10-4CE2-94BB-82A5E7DD43C4}"
EndProject
Project("{FAE04EC0-301F-11D3-BF4B-00C04F79EFBC}") = "Model", "Model\Model.csproj", "{ABE31203-3C71-4130-8509-05D995B8E0C5}"
EndProject
Project("{FAE04EC0-301F-11D3-BF4B-00C04F79EFBC}") = "Controller", "Controller\Controller.csproj", "{B89770B4-D24D-49D6-90C1-DCE28A412927}"
EndProject
Project("{FAE04EC0-301F-11D3-BF4B-00C04F79EFBC}") = "Presentation", "Presentation\Presentation.csproj", "{2A7010D5-29E5-4B18-B652-1D7222A96CAA}"
EndProject
Global
	GlobalSection(SolutionConfigurationPlatforms) = preSolution
		Debug|Any CPU = Debug|Any CPU
		Release|Any CPU = Release|Any CPU
	EndGlobalSection
	GlobalSection(ProjectConfigurationPlatforms) = postSolution
		{668AD236-604C-46A2-8C88-51550CF59629}.Debug|Any CPU.ActiveCfg = Debug|Any CPU
		{668AD236-604C-46A2-8C88-51550CF59629}.Debug|Any CPU.Build.0 = Debug|Any CPU
		{668AD236-604C-46A2-8C88-51550CF59629}.Release|Any CPU.ActiveCfg = Release|Any CPU
		{668AD236-604C-46A2-8C88-51550CF59629}.Release|Any CPU.Build.0 = Release|Any CPU
		{DA3BC6C5-DC10-4CE2-94BB-82A5E7DD43C4}.Debug|Any CPU.ActiveCfg = Debug|Any CPU
		{DA3BC6C5-DC10-4CE2-94BB-82A5E7DD43C4}.Debug|Any CPU.Build.0 = Debug|Any CPU
		{DA3BC6C5-DC10-4CE2-94BB-82A5E7DD43C4}.Release|Any CPU.ActiveCfg = Release|Any CPU
		{DA3BC6C5-DC10-4CE2-94BB-82A5E7DD43C4}.Release|Any CPU.Build.0 = Release|Any CPU
		{ABE31203-3C71-4130-8509-05D995B8E0C5}.Debug|Any CPU.ActiveCfg = Debug|Any CPU
		{ABE31203-3C71-4130-8509-05D995B8E0C5}.Debug|Any CPU.Build.0 = Debug|Any CPU
		{ABE31203-3C71-4130-8509-05D995B8E0C5}.Release|Any CPU.ActiveCfg = Release|Any CPU
		{ABE31203-3C71-4130-8509-05D995B8E0C5}.Release|Any CPU.Build.0 = Release|Any CPU
		{B89770B4-D24D-49D6-90C1-DCE28A412927}.Debug|Any CPU.ActiveCfg = Debug|Any CPU
		{B89770B4-D24D-49D6-90C1-DCE28A412927}.Debug|Any CPU.Build.0 = Debug|Any CPU
		{B89770B4-D24D-49D6-90C1-DCE28A412927}.Release|Any CPU.ActiveCfg = Release|Any CPU
		{B89770B4-D24D-49D6-90C1-DCE28A412927}.Release|Any CPU.Build.0 = Release|Any CPU
		{2A7010D5-29E5-4B18-B652-1D7222A96CAA}.Debug|Any CPU.ActiveCfg = Debug|Any CPU
		{2A7010D5-29E5-4B18-B652-1D7222A96CAA}.Debug|Any CPU.Build.0 = Debug|Any CPU
		{2A7010D5-29E5-4B18-B652-1D7222A96CAA}.Release|Any CPU.ActiveCfg = Release|Any CPU
		{2A7010D5-29E5-4B18-B652-1D7222A96CAA}.Release|Any CPU.Build.0 = Release|Any CPU
	EndGlobalSection
	GlobalSection(SolutionProperties) = preSolution
		HideSolutionNode = FALSE
	EndGlobalSection
EndGlobal
